// !$*UTF8*$!
{
	archiveVersion = 1;
	classes = {
	};
	objectVersion = 56;
	objects = {

/* Begin PBXBuildFile section */
		826065982AD4419C007869C0 /* AppDelegate.swift in Sources */ = {isa = PBXBuildFile; fileRef = 826065972AD4419C007869C0 /* AppDelegate.swift */; };
		8260659A2AD4419C007869C0 /* SceneDelegate.swift in Sources */ = {isa = PBXBuildFile; fileRef = 826065992AD4419C007869C0 /* SceneDelegate.swift */; };
		8260659C2AD4419C007869C0 /* ViewController.swift in Sources */ = {isa = PBXBuildFile; fileRef = 8260659B2AD4419C007869C0 /* ViewController.swift */; };
		826065A12AD4419E007869C0 /* Assets.xcassets in Resources */ = {isa = PBXBuildFile; fileRef = 826065A02AD4419E007869C0 /* Assets.xcassets */; };
		826065A42AD4419E007869C0 /* LaunchScreen.storyboard in Resources */ = {isa = PBXBuildFile; fileRef = 826065A22AD4419E007869C0 /* LaunchScreen.storyboard */; };
		826065B92AD4419F007869C0 /* MVPUITests.swift in Sources */ = {isa = PBXBuildFile; fileRef = 826065B82AD4419F007869C0 /* MVPUITests.swift */; };
		826065BB2AD4419F007869C0 /* MVPUITestsLaunchTests.swift in Sources */ = {isa = PBXBuildFile; fileRef = 826065BA2AD4419F007869C0 /* MVPUITestsLaunchTests.swift */; };
		826066192AD5242E007869C0 /* UIColor+Extensions.swift in Sources */ = {isa = PBXBuildFile; fileRef = 826066072AD5242E007869C0 /* UIColor+Extensions.swift */; };
		8260661A2AD5242E007869C0 /* NSManagedObject+Extensions.swift in Sources */ = {isa = PBXBuildFile; fileRef = 826066082AD5242E007869C0 /* NSManagedObject+Extensions.swift */; };
		8260661B2AD5242E007869C0 /* TaskService.swift in Sources */ = {isa = PBXBuildFile; fileRef = 8260660A2AD5242E007869C0 /* TaskService.swift */; };
		8260661C2AD5242E007869C0 /* TasksListService.swift in Sources */ = {isa = PBXBuildFile; fileRef = 8260660B2AD5242E007869C0 /* TasksListService.swift */; };
		8260661D2AD5242E007869C0 /* ServiceHelper.swift in Sources */ = {isa = PBXBuildFile; fileRef = 8260660C2AD5242E007869C0 /* ServiceHelper.swift */; };
		8260661E2AD5242E007869C0 /* Constants.swift in Sources */ = {isa = PBXBuildFile; fileRef = 8260660E2AD5242E007869C0 /* Constants.swift */; };
		8260661F2AD5242E007869C0 /* CoreDataManager.swift in Sources */ = {isa = PBXBuildFile; fileRef = 826066102AD5242E007869C0 /* CoreDataManager.swift */; };
		826066202AD5242E007869C0 /* Task+CoreDataProperties.swift in Sources */ = {isa = PBXBuildFile; fileRef = 826066112AD5242E007869C0 /* Task+CoreDataProperties.swift */; };
		826066212AD5242E007869C0 /* TasksList+CoreDataProperties.swift in Sources */ = {isa = PBXBuildFile; fileRef = 826066122AD5242E007869C0 /* TasksList+CoreDataProperties.swift */; };
		826066222AD5242E007869C0 /* TasksList+CoreDataClass.swift in Sources */ = {isa = PBXBuildFile; fileRef = 826066132AD5242E007869C0 /* TasksList+CoreDataClass.swift */; };
		826066232AD5242E007869C0 /* Task+CoreDataClass.swift in Sources */ = {isa = PBXBuildFile; fileRef = 826066142AD5242E007869C0 /* Task+CoreDataClass.swift */; };
		826066242AD5242E007869C0 /* TaskModel.swift in Sources */ = {isa = PBXBuildFile; fileRef = 826066162AD5242E007869C0 /* TaskModel.swift */; };
		826066252AD5242E007869C0 /* EntityModelMapProtocol.swift in Sources */ = {isa = PBXBuildFile; fileRef = 826066172AD5242E007869C0 /* EntityModelMapProtocol.swift */; };
		826066262AD5242E007869C0 /* TaskListModel.swift in Sources */ = {isa = PBXBuildFile; fileRef = 826066182AD5242E007869C0 /* TaskListModel.swift */; };
		826066292AD52441007869C0 /* ToDoList.xcdatamodeld in Sources */ = {isa = PBXBuildFile; fileRef = 826066272AD52441007869C0 /* ToDoList.xcdatamodeld */; };
		8260663E2AD524FC007869C0 /* TaskListView.swift in Sources */ = {isa = PBXBuildFile; fileRef = 8260662B2AD524FC007869C0 /* TaskListView.swift */; };
		8260663F2AD524FC007869C0 /* AddTaskView.swift in Sources */ = {isa = PBXBuildFile; fileRef = 8260662C2AD524FC007869C0 /* AddTaskView.swift */; };
		826066402AD524FC007869C0 /* HomeView.swift in Sources */ = {isa = PBXBuildFile; fileRef = 8260662D2AD524FC007869C0 /* HomeView.swift */; };
		826066412AD524FC007869C0 /* AddListView.swift in Sources */ = {isa = PBXBuildFile; fileRef = 8260662E2AD524FC007869C0 /* AddListView.swift */; };
		826066422AD524FC007869C0 /* EmptyStateView.swift in Sources */ = {isa = PBXBuildFile; fileRef = 826066302AD524FC007869C0 /* EmptyStateView.swift */; };
		826066432AD524FC007869C0 /* IconSelectorView.swift in Sources */ = {isa = PBXBuildFile; fileRef = 826066322AD524FC007869C0 /* IconSelectorView.swift */; };
		826066442AD524FC007869C0 /* FieldLabel.swift in Sources */ = {isa = PBXBuildFile; fileRef = 826066342AD524FC007869C0 /* FieldLabel.swift */; };
		826066452AD524FC007869C0 /* PageLabel.swift in Sources */ = {isa = PBXBuildFile; fileRef = 826066352AD524FC007869C0 /* PageLabel.swift */; };
		826066462AD524FC007869C0 /* IconCell.swift in Sources */ = {isa = PBXBuildFile; fileRef = 826066372AD524FC007869C0 /* IconCell.swift */; };
		826066472AD524FC007869C0 /* TaskCell.swift in Sources */ = {isa = PBXBuildFile; fileRef = 826066382AD524FC007869C0 /* TaskCell.swift */; };
		826066482AD524FC007869C0 /* ToDoListCell.swift in Sources */ = {isa = PBXBuildFile; fileRef = 826066392AD524FC007869C0 /* ToDoListCell.swift */; };
		826066492AD524FC007869C0 /* TaskCheckButton.swift in Sources */ = {isa = PBXBuildFile; fileRef = 8260663B2AD524FC007869C0 /* TaskCheckButton.swift */; };
		8260664A2AD524FC007869C0 /* BackButton.swift in Sources */ = {isa = PBXBuildFile; fileRef = 8260663C2AD524FC007869C0 /* BackButton.swift */; };
		8260664B2AD524FC007869C0 /* MainButton.swift in Sources */ = {isa = PBXBuildFile; fileRef = 8260663D2AD524FC007869C0 /* MainButton.swift */; };
		826066502AD52516007869C0 /* AddListViewController.swift in Sources */ = {isa = PBXBuildFile; fileRef = 8260664C2AD52516007869C0 /* AddListViewController.swift */; };
		826066512AD52516007869C0 /* HomeViewController.swift in Sources */ = {isa = PBXBuildFile; fileRef = 8260664D2AD52516007869C0 /* HomeViewController.swift */; };
		826066522AD52516007869C0 /* TaskListViewController.swift in Sources */ = {isa = PBXBuildFile; fileRef = 8260664E2AD52516007869C0 /* TaskListViewController.swift */; };
		826066532AD52516007869C0 /* AddTaskViewController.swift in Sources */ = {isa = PBXBuildFile; fileRef = 8260664F2AD52516007869C0 /* AddTaskViewController.swift */; };
		826066552AD52536007869C0 /* HomePresenter.swift in Sources */ = {isa = PBXBuildFile; fileRef = 826066542AD52536007869C0 /* HomePresenter.swift */; };
		826066572AD52540007869C0 /* AddListPresenter.swift in Sources */ = {isa = PBXBuildFile; fileRef = 826066562AD52540007869C0 /* AddListPresenter.swift */; };
		826066592AD5254A007869C0 /* TasksListPresenter.swift in Sources */ = {isa = PBXBuildFile; fileRef = 826066582AD5254A007869C0 /* TasksListPresenter.swift */; };
		8260665B2AD52554007869C0 /* AddTaskPresenter.swift in Sources */ = {isa = PBXBuildFile; fileRef = 8260665A2AD52554007869C0 /* AddTaskPresenter.swift */; };
		8260665E2AD531B8007869C0 /* AddListViewControllerTest.swift in Sources */ = {isa = PBXBuildFile; fileRef = 8260665D2AD531B8007869C0 /* AddListViewControllerTest.swift */; };
		826066642AD53206007869C0 /* MockTaskListService.swift in Sources */ = {isa = PBXBuildFile; fileRef = 826066602AD53206007869C0 /* MockTaskListService.swift */; };
		826066652AD53206007869C0 /* MockTaskService.swift in Sources */ = {isa = PBXBuildFile; fileRef = 826066612AD53206007869C0 /* MockTaskService.swift */; };
		826066662AD53206007869C0 /* MockNavigationController.swift in Sources */ = {isa = PBXBuildFile; fileRef = 826066622AD53206007869C0 /* MockNavigationController.swift */; };
		826066672AD53206007869C0 /* InMemoryCoreDataManager.swift in Sources */ = {isa = PBXBuildFile; fileRef = 826066632AD53206007869C0 /* InMemoryCoreDataManager.swift */; };
		826066692AD532C9007869C0 /* AddListViewTest.swift in Sources */ = {isa = PBXBuildFile; fileRef = 826066682AD532C9007869C0 /* AddListViewTest.swift */; };
		826066712AD533EF007869C0 /* AddTaskPresenterTest.swift in Sources */ = {isa = PBXBuildFile; fileRef = 8260666A2AD533EF007869C0 /* AddTaskPresenterTest.swift */; };
		826066732AD533EF007869C0 /* HomePresenterTest.swift in Sources */ = {isa = PBXBuildFile; fileRef = 8260666C2AD533EF007869C0 /* HomePresenterTest.swift */; };
		826066742AD533EF007869C0 /* HomeViewTest.swift in Sources */ = {isa = PBXBuildFile; fileRef = 8260666D2AD533EF007869C0 /* HomeViewTest.swift */; };
		826066762AD533EF007869C0 /* HomeViewControllerTest.swift in Sources */ = {isa = PBXBuildFile; fileRef = 8260666F2AD533EF007869C0 /* HomeViewControllerTest.swift */; };
		826066772AD533EF007869C0 /* AddTaskViewTest.swift in Sources */ = {isa = PBXBuildFile; fileRef = 826066702AD533EF007869C0 /* AddTaskViewTest.swift */; };
/* End PBXBuildFile section */

/* Begin PBXContainerItemProxy section */
		826065AB2AD4419F007869C0 /* PBXContainerItemProxy */ = {
			isa = PBXContainerItemProxy;
			containerPortal = 8260658C2AD4419C007869C0 /* Project object */;
			proxyType = 1;
			remoteGlobalIDString = 826065932AD4419C007869C0;
			remoteInfo = MVP;
		};
		826065B52AD4419F007869C0 /* PBXContainerItemProxy */ = {
			isa = PBXContainerItemProxy;
			containerPortal = 8260658C2AD4419C007869C0 /* Project object */;
			proxyType = 1;
			remoteGlobalIDString = 826065932AD4419C007869C0;
			remoteInfo = MVP;
		};
/* End PBXContainerItemProxy section */

/* Begin PBXFileReference section */
		826065942AD4419C007869C0 /* MVP.app */ = {isa = PBXFileReference; explicitFileType = wrapper.application; includeInIndex = 0; path = MVP.app; sourceTree = BUILT_PRODUCTS_DIR; };
		826065972AD4419C007869C0 /* AppDelegate.swift */ = {isa = PBXFileReference; lastKnownFileType = sourcecode.swift; path = AppDelegate.swift; sourceTree = "<group>"; };
		826065992AD4419C007869C0 /* SceneDelegate.swift */ = {isa = PBXFileReference; lastKnownFileType = sourcecode.swift; path = SceneDelegate.swift; sourceTree = "<group>"; };
		8260659B2AD4419C007869C0 /* ViewController.swift */ = {isa = PBXFileReference; lastKnownFileType = sourcecode.swift; path = ViewController.swift; sourceTree = "<group>"; };
		826065A02AD4419E007869C0 /* Assets.xcassets */ = {isa = PBXFileReference; lastKnownFileType = folder.assetcatalog; path = Assets.xcassets; sourceTree = "<group>"; };
		826065A32AD4419E007869C0 /* Base */ = {isa = PBXFileReference; lastKnownFileType = file.storyboard; name = Base; path = Base.lproj/LaunchScreen.storyboard; sourceTree = "<group>"; };
		826065A52AD4419E007869C0 /* Info.plist */ = {isa = PBXFileReference; lastKnownFileType = text.plist.xml; path = Info.plist; sourceTree = "<group>"; };
		826065AA2AD4419F007869C0 /* MVPTests.xctest */ = {isa = PBXFileReference; explicitFileType = wrapper.cfbundle; includeInIndex = 0; path = MVPTests.xctest; sourceTree = BUILT_PRODUCTS_DIR; };
		826065B42AD4419F007869C0 /* MVPUITests.xctest */ = {isa = PBXFileReference; explicitFileType = wrapper.cfbundle; includeInIndex = 0; path = MVPUITests.xctest; sourceTree = BUILT_PRODUCTS_DIR; };
		826065B82AD4419F007869C0 /* MVPUITests.swift */ = {isa = PBXFileReference; lastKnownFileType = sourcecode.swift; path = MVPUITests.swift; sourceTree = "<group>"; };
		826065BA2AD4419F007869C0 /* MVPUITestsLaunchTests.swift */ = {isa = PBXFileReference; lastKnownFileType = sourcecode.swift; path = MVPUITestsLaunchTests.swift; sourceTree = "<group>"; };
		826066072AD5242E007869C0 /* UIColor+Extensions.swift */ = {isa = PBXFileReference; fileEncoding = 4; lastKnownFileType = sourcecode.swift; path = "UIColor+Extensions.swift"; sourceTree = "<group>"; };
		826066082AD5242E007869C0 /* NSManagedObject+Extensions.swift */ = {isa = PBXFileReference; fileEncoding = 4; lastKnownFileType = sourcecode.swift; path = "NSManagedObject+Extensions.swift"; sourceTree = "<group>"; };
		8260660A2AD5242E007869C0 /* TaskService.swift */ = {isa = PBXFileReference; fileEncoding = 4; lastKnownFileType = sourcecode.swift; path = TaskService.swift; sourceTree = "<group>"; };
		8260660B2AD5242E007869C0 /* TasksListService.swift */ = {isa = PBXFileReference; fileEncoding = 4; lastKnownFileType = sourcecode.swift; path = TasksListService.swift; sourceTree = "<group>"; };
		8260660C2AD5242E007869C0 /* ServiceHelper.swift */ = {isa = PBXFileReference; fileEncoding = 4; lastKnownFileType = sourcecode.swift; path = ServiceHelper.swift; sourceTree = "<group>"; };
		8260660E2AD5242E007869C0 /* Constants.swift */ = {isa = PBXFileReference; fileEncoding = 4; lastKnownFileType = sourcecode.swift; path = Constants.swift; sourceTree = "<group>"; };
		826066102AD5242E007869C0 /* CoreDataManager.swift */ = {isa = PBXFileReference; fileEncoding = 4; lastKnownFileType = sourcecode.swift; path = CoreDataManager.swift; sourceTree = "<group>"; };
		826066112AD5242E007869C0 /* Task+CoreDataProperties.swift */ = {isa = PBXFileReference; fileEncoding = 4; lastKnownFileType = sourcecode.swift; path = "Task+CoreDataProperties.swift"; sourceTree = "<group>"; };
		826066122AD5242E007869C0 /* TasksList+CoreDataProperties.swift */ = {isa = PBXFileReference; fileEncoding = 4; lastKnownFileType = sourcecode.swift; path = "TasksList+CoreDataProperties.swift"; sourceTree = "<group>"; };
		826066132AD5242E007869C0 /* TasksList+CoreDataClass.swift */ = {isa = PBXFileReference; fileEncoding = 4; lastKnownFileType = sourcecode.swift; path = "TasksList+CoreDataClass.swift"; sourceTree = "<group>"; };
		826066142AD5242E007869C0 /* Task+CoreDataClass.swift */ = {isa = PBXFileReference; fileEncoding = 4; lastKnownFileType = sourcecode.swift; path = "Task+CoreDataClass.swift"; sourceTree = "<group>"; };
		826066162AD5242E007869C0 /* TaskModel.swift */ = {isa = PBXFileReference; fileEncoding = 4; lastKnownFileType = sourcecode.swift; path = TaskModel.swift; sourceTree = "<group>"; };
		826066172AD5242E007869C0 /* EntityModelMapProtocol.swift */ = {isa = PBXFileReference; fileEncoding = 4; lastKnownFileType = sourcecode.swift; path = EntityModelMapProtocol.swift; sourceTree = "<group>"; };
		826066182AD5242E007869C0 /* TaskListModel.swift */ = {isa = PBXFileReference; fileEncoding = 4; lastKnownFileType = sourcecode.swift; path = TaskListModel.swift; sourceTree = "<group>"; };
		826066282AD52441007869C0 /* ToDoList.xcdatamodel */ = {isa = PBXFileReference; lastKnownFileType = wrapper.xcdatamodel; path = ToDoList.xcdatamodel; sourceTree = "<group>"; };
		8260662B2AD524FC007869C0 /* TaskListView.swift */ = {isa = PBXFileReference; fileEncoding = 4; lastKnownFileType = sourcecode.swift; path = TaskListView.swift; sourceTree = "<group>"; };
		8260662C2AD524FC007869C0 /* AddTaskView.swift */ = {isa = PBXFileReference; fileEncoding = 4; lastKnownFileType = sourcecode.swift; path = AddTaskView.swift; sourceTree = "<group>"; };
		8260662D2AD524FC007869C0 /* HomeView.swift */ = {isa = PBXFileReference; fileEncoding = 4; lastKnownFileType = sourcecode.swift; path = HomeView.swift; sourceTree = "<group>"; };
		8260662E2AD524FC007869C0 /* AddListView.swift */ = {isa = PBXFileReference; fileEncoding = 4; lastKnownFileType = sourcecode.swift; path = AddListView.swift; sourceTree = "<group>"; };
		826066302AD524FC007869C0 /* EmptyStateView.swift */ = {isa = PBXFileReference; fileEncoding = 4; lastKnownFileType = sourcecode.swift; path = EmptyStateView.swift; sourceTree = "<group>"; };
		826066322AD524FC007869C0 /* IconSelectorView.swift */ = {isa = PBXFileReference; fileEncoding = 4; lastKnownFileType = sourcecode.swift; path = IconSelectorView.swift; sourceTree = "<group>"; };
		826066342AD524FC007869C0 /* FieldLabel.swift */ = {isa = PBXFileReference; fileEncoding = 4; lastKnownFileType = sourcecode.swift; path = FieldLabel.swift; sourceTree = "<group>"; };
		826066352AD524FC007869C0 /* PageLabel.swift */ = {isa = PBXFileReference; fileEncoding = 4; lastKnownFileType = sourcecode.swift; path = PageLabel.swift; sourceTree = "<group>"; };
		826066372AD524FC007869C0 /* IconCell.swift */ = {isa = PBXFileReference; fileEncoding = 4; lastKnownFileType = sourcecode.swift; path = IconCell.swift; sourceTree = "<group>"; };
		826066382AD524FC007869C0 /* TaskCell.swift */ = {isa = PBXFileReference; fileEncoding = 4; lastKnownFileType = sourcecode.swift; path = TaskCell.swift; sourceTree = "<group>"; };
		826066392AD524FC007869C0 /* ToDoListCell.swift */ = {isa = PBXFileReference; fileEncoding = 4; lastKnownFileType = sourcecode.swift; path = ToDoListCell.swift; sourceTree = "<group>"; };
		8260663B2AD524FC007869C0 /* TaskCheckButton.swift */ = {isa = PBXFileReference; fileEncoding = 4; lastKnownFileType = sourcecode.swift; path = TaskCheckButton.swift; sourceTree = "<group>"; };
		8260663C2AD524FC007869C0 /* BackButton.swift */ = {isa = PBXFileReference; fileEncoding = 4; lastKnownFileType = sourcecode.swift; path = BackButton.swift; sourceTree = "<group>"; };
		8260663D2AD524FC007869C0 /* MainButton.swift */ = {isa = PBXFileReference; fileEncoding = 4; lastKnownFileType = sourcecode.swift; path = MainButton.swift; sourceTree = "<group>"; };
		8260664C2AD52516007869C0 /* AddListViewController.swift */ = {isa = PBXFileReference; fileEncoding = 4; lastKnownFileType = sourcecode.swift; name = AddListViewController.swift; path = ../../Controller/AddListViewController.swift; sourceTree = "<group>"; };
		8260664D2AD52516007869C0 /* HomeViewController.swift */ = {isa = PBXFileReference; fileEncoding = 4; lastKnownFileType = sourcecode.swift; name = HomeViewController.swift; path = ../../Controller/HomeViewController.swift; sourceTree = "<group>"; };
		8260664E2AD52516007869C0 /* TaskListViewController.swift */ = {isa = PBXFileReference; fileEncoding = 4; lastKnownFileType = sourcecode.swift; name = TaskListViewController.swift; path = ../../Controller/TaskListViewController.swift; sourceTree = "<group>"; };
		8260664F2AD52516007869C0 /* AddTaskViewController.swift */ = {isa = PBXFileReference; fileEncoding = 4; lastKnownFileType = sourcecode.swift; name = AddTaskViewController.swift; path = ../../Controller/AddTaskViewController.swift; sourceTree = "<group>"; };
		826066542AD52536007869C0 /* HomePresenter.swift */ = {isa = PBXFileReference; lastKnownFileType = sourcecode.swift; path = HomePresenter.swift; sourceTree = "<group>"; };
		826066562AD52540007869C0 /* AddListPresenter.swift */ = {isa = PBXFileReference; lastKnownFileType = sourcecode.swift; path = AddListPresenter.swift; sourceTree = "<group>"; };
		826066582AD5254A007869C0 /* TasksListPresenter.swift */ = {isa = PBXFileReference; lastKnownFileType = sourcecode.swift; path = TasksListPresenter.swift; sourceTree = "<group>"; };
		8260665A2AD52554007869C0 /* AddTaskPresenter.swift */ = {isa = PBXFileReference; lastKnownFileType = sourcecode.swift; path = AddTaskPresenter.swift; sourceTree = "<group>"; };
		8260665C2AD531B8007869C0 /* MVPTests-Bridging-Header.h */ = {isa = PBXFileReference; lastKnownFileType = sourcecode.c.h; path = "MVPTests-Bridging-Header.h"; sourceTree = "<group>"; };
		8260665D2AD531B8007869C0 /* AddListViewControllerTest.swift */ = {isa = PBXFileReference; lastKnownFileType = sourcecode.swift; path = AddListViewControllerTest.swift; sourceTree = "<group>"; };
		826066602AD53206007869C0 /* MockTaskListService.swift */ = {isa = PBXFileReference; fileEncoding = 4; lastKnownFileType = sourcecode.swift; path = MockTaskListService.swift; sourceTree = "<group>"; };
		826066612AD53206007869C0 /* MockTaskService.swift */ = {isa = PBXFileReference; fileEncoding = 4; lastKnownFileType = sourcecode.swift; path = MockTaskService.swift; sourceTree = "<group>"; };
		826066622AD53206007869C0 /* MockNavigationController.swift */ = {isa = PBXFileReference; fileEncoding = 4; lastKnownFileType = sourcecode.swift; path = MockNavigationController.swift; sourceTree = "<group>"; };
		826066632AD53206007869C0 /* InMemoryCoreDataManager.swift */ = {isa = PBXFileReference; fileEncoding = 4; lastKnownFileType = sourcecode.swift; path = InMemoryCoreDataManager.swift; sourceTree = "<group>"; };
		826066682AD532C9007869C0 /* AddListViewTest.swift */ = {isa = PBXFileReference; lastKnownFileType = sourcecode.swift; path = AddListViewTest.swift; sourceTree = "<group>"; };
		8260666A2AD533EF007869C0 /* AddTaskPresenterTest.swift */ = {isa = PBXFileReference; fileEncoding = 4; lastKnownFileType = sourcecode.swift; path = AddTaskPresenterTest.swift; sourceTree = "<group>"; };
		8260666C2AD533EF007869C0 /* HomePresenterTest.swift */ = {isa = PBXFileReference; fileEncoding = 4; lastKnownFileType = sourcecode.swift; path = HomePresenterTest.swift; sourceTree = "<group>"; };
		8260666D2AD533EF007869C0 /* HomeViewTest.swift */ = {isa = PBXFileReference; fileEncoding = 4; lastKnownFileType = sourcecode.swift; path = HomeViewTest.swift; sourceTree = "<group>"; };
		8260666F2AD533EF007869C0 /* HomeViewControllerTest.swift */ = {isa = PBXFileReference; fileEncoding = 4; lastKnownFileType = sourcecode.swift; path = HomeViewControllerTest.swift; sourceTree = "<group>"; };
		826066702AD533EF007869C0 /* AddTaskViewTest.swift */ = {isa = PBXFileReference; fileEncoding = 4; lastKnownFileType = sourcecode.swift; path = AddTaskViewTest.swift; sourceTree = "<group>"; };
/* End PBXFileReference section */

/* Begin PBXFrameworksBuildPhase section */
		826065912AD4419C007869C0 /* Frameworks */ = {
			isa = PBXFrameworksBuildPhase;
			buildActionMask = 2147483647;
			files = (
			);
			runOnlyForDeploymentPostprocessing = 0;
		};
		826065A72AD4419F007869C0 /* Frameworks */ = {
			isa = PBXFrameworksBuildPhase;
			buildActionMask = 2147483647;
			files = (
			);
			runOnlyForDeploymentPostprocessing = 0;
		};
		826065B12AD4419F007869C0 /* Frameworks */ = {
			isa = PBXFrameworksBuildPhase;
			buildActionMask = 2147483647;
			files = (
			);
			runOnlyForDeploymentPostprocessing = 0;
		};
/* End PBXFrameworksBuildPhase section */

/* Begin PBXGroup section */
		8260658B2AD4419C007869C0 = {
			isa = PBXGroup;
			children = (
				826065962AD4419C007869C0 /* MVP */,
				826065AD2AD4419F007869C0 /* MVPTests */,
				826065B72AD4419F007869C0 /* MVPUITests */,
				826065952AD4419C007869C0 /* Products */,
			);
			sourceTree = "<group>";
		};
		826065952AD4419C007869C0 /* Products */ = {
			isa = PBXGroup;
			children = (
				826065942AD4419C007869C0 /* MVP.app */,
				826065AA2AD4419F007869C0 /* MVPTests.xctest */,
				826065B42AD4419F007869C0 /* MVPUITests.xctest */,
			);
			name = Products;
			sourceTree = "<group>";
		};
		826065962AD4419C007869C0 /* MVP */ = {
			isa = PBXGroup;
			children = (
				826066052AD52386007869C0 /* Presenter */,
				826066042AD5237C007869C0 /* View */,
				826066032AD52377007869C0 /* Model */,
				826065972AD4419C007869C0 /* AppDelegate.swift */,
				826065992AD4419C007869C0 /* SceneDelegate.swift */,
				8260659B2AD4419C007869C0 /* ViewController.swift */,
				826065A02AD4419E007869C0 /* Assets.xcassets */,
				826065A22AD4419E007869C0 /* LaunchScreen.storyboard */,
				826066272AD52441007869C0 /* ToDoList.xcdatamodeld */,
				826065A52AD4419E007869C0 /* Info.plist */,
			);
			path = MVP;
			sourceTree = "<group>";
		};
		826065AD2AD4419F007869C0 /* MVPTests */ = {
			isa = PBXGroup;
			children = (
				8260665F2AD53206007869C0 /* Mock */,
				8260665D2AD531B8007869C0 /* AddListViewControllerTest.swift */,
				8260666A2AD533EF007869C0 /* AddTaskPresenterTest.swift */,
				826066702AD533EF007869C0 /* AddTaskViewTest.swift */,
				8260666C2AD533EF007869C0 /* HomePresenterTest.swift */,
				8260666F2AD533EF007869C0 /* HomeViewControllerTest.swift */,
				8260666D2AD533EF007869C0 /* HomeViewTest.swift */,
				8260665C2AD531B8007869C0 /* MVPTests-Bridging-Header.h */,
				826066682AD532C9007869C0 /* AddListViewTest.swift */,
			);
			path = MVPTests;
			sourceTree = "<group>";
		};
		826065B72AD4419F007869C0 /* MVPUITests */ = {
			isa = PBXGroup;
			children = (
				826065B82AD4419F007869C0 /* MVPUITests.swift */,
				826065BA2AD4419F007869C0 /* MVPUITestsLaunchTests.swift */,
			);
			path = MVPUITests;
			sourceTree = "<group>";
		};
		826066032AD52377007869C0 /* Model */ = {
			isa = PBXGroup;
			children = (
				8260660F2AD5242E007869C0 /* CoreData */,
				826066062AD5242E007869C0 /* Extensions */,
				8260660D2AD5242E007869C0 /* Helpers */,
				826066152AD5242E007869C0 /* Models */,
				826066092AD5242E007869C0 /* Services */,
			);
			path = Model;
			sourceTree = "<group>";
		};
		826066042AD5237C007869C0 /* View */ = {
			isa = PBXGroup;
			children = (
				8260663A2AD524FC007869C0 /* Buttons */,
				826066362AD524FC007869C0 /* Cells */,
				826066312AD524FC007869C0 /* Collection */,
				8260662F2AD524FC007869C0 /* Empty State */,
				826066332AD524FC007869C0 /* Labels */,
				8260662A2AD524FC007869C0 /* Screen */,
			);
			path = View;
			sourceTree = "<group>";
		};
		826066052AD52386007869C0 /* Presenter */ = {
			isa = PBXGroup;
			children = (
				826066542AD52536007869C0 /* HomePresenter.swift */,
				826066562AD52540007869C0 /* AddListPresenter.swift */,
				826066582AD5254A007869C0 /* TasksListPresenter.swift */,
				8260665A2AD52554007869C0 /* AddTaskPresenter.swift */,
			);
			path = Presenter;
			sourceTree = "<group>";
		};
		826066062AD5242E007869C0 /* Extensions */ = {
			isa = PBXGroup;
			children = (
				826066072AD5242E007869C0 /* UIColor+Extensions.swift */,
				826066082AD5242E007869C0 /* NSManagedObject+Extensions.swift */,
			);
			name = Extensions;
			path = ../../../MVC/MVC/Model/Extensions;
			sourceTree = "<group>";
		};
		826066092AD5242E007869C0 /* Services */ = {
			isa = PBXGroup;
			children = (
				8260660A2AD5242E007869C0 /* TaskService.swift */,
				8260660B2AD5242E007869C0 /* TasksListService.swift */,
				8260660C2AD5242E007869C0 /* ServiceHelper.swift */,
			);
			name = Services;
			path = ../../../MVC/MVC/Model/Services;
			sourceTree = "<group>";
		};
		8260660D2AD5242E007869C0 /* Helpers */ = {
			isa = PBXGroup;
			children = (
				8260660E2AD5242E007869C0 /* Constants.swift */,
			);
			name = Helpers;
			path = ../../../MVC/MVC/Model/Helpers;
			sourceTree = "<group>";
		};
		8260660F2AD5242E007869C0 /* CoreData */ = {
			isa = PBXGroup;
			children = (
				826066102AD5242E007869C0 /* CoreDataManager.swift */,
				826066112AD5242E007869C0 /* Task+CoreDataProperties.swift */,
				826066122AD5242E007869C0 /* TasksList+CoreDataProperties.swift */,
				826066132AD5242E007869C0 /* TasksList+CoreDataClass.swift */,
				826066142AD5242E007869C0 /* Task+CoreDataClass.swift */,
			);
			name = CoreData;
			path = ../../../MVC/MVC/Model/CoreData;
			sourceTree = "<group>";
		};
		826066152AD5242E007869C0 /* Models */ = {
			isa = PBXGroup;
			children = (
				826066162AD5242E007869C0 /* TaskModel.swift */,
				826066172AD5242E007869C0 /* EntityModelMapProtocol.swift */,
				826066182AD5242E007869C0 /* TaskListModel.swift */,
			);
			name = Models;
			path = ../../../MVC/MVC/Model/Models;
			sourceTree = "<group>";
		};
		8260662A2AD524FC007869C0 /* Screen */ = {
			isa = PBXGroup;
			children = (
				8260664C2AD52516007869C0 /* AddListViewController.swift */,
				8260664F2AD52516007869C0 /* AddTaskViewController.swift */,
				8260664D2AD52516007869C0 /* HomeViewController.swift */,
				8260664E2AD52516007869C0 /* TaskListViewController.swift */,
				8260662B2AD524FC007869C0 /* TaskListView.swift */,
				8260662C2AD524FC007869C0 /* AddTaskView.swift */,
				8260662D2AD524FC007869C0 /* HomeView.swift */,
				8260662E2AD524FC007869C0 /* AddListView.swift */,
			);
			name = Screen;
			path = ../../../MVC/MVC/View/Screen;
			sourceTree = "<group>";
		};
		8260662F2AD524FC007869C0 /* Empty State */ = {
			isa = PBXGroup;
			children = (
				826066302AD524FC007869C0 /* EmptyStateView.swift */,
			);
			name = "Empty State";
			path = "../../../MVC/MVC/View/Empty State";
			sourceTree = "<group>";
		};
		826066312AD524FC007869C0 /* Collection */ = {
			isa = PBXGroup;
			children = (
				826066322AD524FC007869C0 /* IconSelectorView.swift */,
			);
			name = Collection;
			path = ../../../MVC/MVC/View/Collection;
			sourceTree = "<group>";
		};
		826066332AD524FC007869C0 /* Labels */ = {
			isa = PBXGroup;
			children = (
				826066342AD524FC007869C0 /* FieldLabel.swift */,
				826066352AD524FC007869C0 /* PageLabel.swift */,
			);
			name = Labels;
			path = ../../../MVC/MVC/View/Labels;
			sourceTree = "<group>";
		};
		826066362AD524FC007869C0 /* Cells */ = {
			isa = PBXGroup;
			children = (
				826066372AD524FC007869C0 /* IconCell.swift */,
				826066382AD524FC007869C0 /* TaskCell.swift */,
				826066392AD524FC007869C0 /* ToDoListCell.swift */,
			);
			name = Cells;
			path = ../../../MVC/MVC/View/Cells;
			sourceTree = "<group>";
		};
		8260663A2AD524FC007869C0 /* Buttons */ = {
			isa = PBXGroup;
			children = (
				8260663B2AD524FC007869C0 /* TaskCheckButton.swift */,
				8260663C2AD524FC007869C0 /* BackButton.swift */,
				8260663D2AD524FC007869C0 /* MainButton.swift */,
			);
			name = Buttons;
			path = ../../../MVC/MVC/View/Buttons;
			sourceTree = "<group>";
		};
		8260665F2AD53206007869C0 /* Mock */ = {
			isa = PBXGroup;
			children = (
				826066602AD53206007869C0 /* MockTaskListService.swift */,
				826066612AD53206007869C0 /* MockTaskService.swift */,
				826066622AD53206007869C0 /* MockNavigationController.swift */,
				826066632AD53206007869C0 /* InMemoryCoreDataManager.swift */,
			);
			name = Mock;
			path = ../../MVC/MVCTests/Mock;
			sourceTree = "<group>";
		};
/* End PBXGroup section */

/* Begin PBXNativeTarget section */
		826065932AD4419C007869C0 /* MVP */ = {
			isa = PBXNativeTarget;
			buildConfigurationList = 826065BE2AD4419F007869C0 /* Build configuration list for PBXNativeTarget "MVP" */;
			buildPhases = (
				826065902AD4419C007869C0 /* Sources */,
				826065912AD4419C007869C0 /* Frameworks */,
				826065922AD4419C007869C0 /* Resources */,
			);
			buildRules = (
			);
			dependencies = (
			);
			name = MVP;
			productName = MVP;
			productReference = 826065942AD4419C007869C0 /* MVP.app */;
			productType = "com.apple.product-type.application";
		};
		826065A92AD4419F007869C0 /* MVPTests */ = {
			isa = PBXNativeTarget;
			buildConfigurationList = 826065C12AD4419F007869C0 /* Build configuration list for PBXNativeTarget "MVPTests" */;
			buildPhases = (
				826065A62AD4419F007869C0 /* Sources */,
				826065A72AD4419F007869C0 /* Frameworks */,
				826065A82AD4419F007869C0 /* Resources */,
			);
			buildRules = (
			);
			dependencies = (
				826065AC2AD4419F007869C0 /* PBXTargetDependency */,
			);
			name = MVPTests;
			productName = MVPTests;
			productReference = 826065AA2AD4419F007869C0 /* MVPTests.xctest */;
			productType = "com.apple.product-type.bundle.unit-test";
		};
		826065B32AD4419F007869C0 /* MVPUITests */ = {
			isa = PBXNativeTarget;
			buildConfigurationList = 826065C42AD4419F007869C0 /* Build configuration list for PBXNativeTarget "MVPUITests" */;
			buildPhases = (
				826065B02AD4419F007869C0 /* Sources */,
				826065B12AD4419F007869C0 /* Frameworks */,
				826065B22AD4419F007869C0 /* Resources */,
			);
			buildRules = (
			);
			dependencies = (
				826065B62AD4419F007869C0 /* PBXTargetDependency */,
			);
			name = MVPUITests;
			productName = MVPUITests;
			productReference = 826065B42AD4419F007869C0 /* MVPUITests.xctest */;
			productType = "com.apple.product-type.bundle.ui-testing";
		};
/* End PBXNativeTarget section */

/* Begin PBXProject section */
		8260658C2AD4419C007869C0 /* Project object */ = {
			isa = PBXProject;
			attributes = {
				BuildIndependentTargetsInParallel = 1;
				LastSwiftUpdateCheck = 1500;
				LastUpgradeCheck = 1500;
				TargetAttributes = {
					826065932AD4419C007869C0 = {
						CreatedOnToolsVersion = 15.0;
					};
					826065A92AD4419F007869C0 = {
						CreatedOnToolsVersion = 15.0;
						LastSwiftMigration = 1500;
						TestTargetID = 826065932AD4419C007869C0;
					};
					826065B32AD4419F007869C0 = {
						CreatedOnToolsVersion = 15.0;
						TestTargetID = 826065932AD4419C007869C0;
					};
				};
			};
			buildConfigurationList = 8260658F2AD4419C007869C0 /* Build configuration list for PBXProject "MVP" */;
			compatibilityVersion = "Xcode 14.0";
			developmentRegion = en;
			hasScannedForEncodings = 0;
			knownRegions = (
				en,
				Base,
			);
			mainGroup = 8260658B2AD4419C007869C0;
			productRefGroup = 826065952AD4419C007869C0 /* Products */;
			projectDirPath = "";
			projectRoot = "";
			targets = (
				826065932AD4419C007869C0 /* MVP */,
				826065A92AD4419F007869C0 /* MVPTests */,
				826065B32AD4419F007869C0 /* MVPUITests */,
			);
		};
/* End PBXProject section */

/* Begin PBXResourcesBuildPhase section */
		826065922AD4419C007869C0 /* Resources */ = {
			isa = PBXResourcesBuildPhase;
			buildActionMask = 2147483647;
			files = (
				826065A42AD4419E007869C0 /* LaunchScreen.storyboard in Resources */,
				826065A12AD4419E007869C0 /* Assets.xcassets in Resources */,
			);
			runOnlyForDeploymentPostprocessing = 0;
		};
		826065A82AD4419F007869C0 /* Resources */ = {
			isa = PBXResourcesBuildPhase;
			buildActionMask = 2147483647;
			files = (
			);
			runOnlyForDeploymentPostprocessing = 0;
		};
		826065B22AD4419F007869C0 /* Resources */ = {
			isa = PBXResourcesBuildPhase;
			buildActionMask = 2147483647;
			files = (
			);
			runOnlyForDeploymentPostprocessing = 0;
		};
/* End PBXResourcesBuildPhase section */

/* Begin PBXSourcesBuildPhase section */
		826065902AD4419C007869C0 /* Sources */ = {
			isa = PBXSourcesBuildPhase;
			buildActionMask = 2147483647;
			files = (
				8260664A2AD524FC007869C0 /* BackButton.swift in Sources */,
				8260659C2AD4419C007869C0 /* ViewController.swift in Sources */,
				826065982AD4419C007869C0 /* AppDelegate.swift in Sources */,
				826066512AD52516007869C0 /* HomeViewController.swift in Sources */,
				826066502AD52516007869C0 /* AddListViewController.swift in Sources */,
				826066422AD524FC007869C0 /* EmptyStateView.swift in Sources */,
				826066232AD5242E007869C0 /* Task+CoreDataClass.swift in Sources */,
				826066212AD5242E007869C0 /* TasksList+CoreDataProperties.swift in Sources */,
				826066442AD524FC007869C0 /* FieldLabel.swift in Sources */,
				8260661B2AD5242E007869C0 /* TaskService.swift in Sources */,
				826066432AD524FC007869C0 /* IconSelectorView.swift in Sources */,
				826066472AD524FC007869C0 /* TaskCell.swift in Sources */,
				826066252AD5242E007869C0 /* EntityModelMapProtocol.swift in Sources */,
				8260665B2AD52554007869C0 /* AddTaskPresenter.swift in Sources */,
				8260661A2AD5242E007869C0 /* NSManagedObject+Extensions.swift in Sources */,
				826066522AD52516007869C0 /* TaskListViewController.swift in Sources */,
				8260664B2AD524FC007869C0 /* MainButton.swift in Sources */,
				826066292AD52441007869C0 /* ToDoList.xcdatamodeld in Sources */,
				826066552AD52536007869C0 /* HomePresenter.swift in Sources */,
				826066202AD5242E007869C0 /* Task+CoreDataProperties.swift in Sources */,
				826066222AD5242E007869C0 /* TasksList+CoreDataClass.swift in Sources */,
				826066412AD524FC007869C0 /* AddListView.swift in Sources */,
				8260659A2AD4419C007869C0 /* SceneDelegate.swift in Sources */,
				8260663F2AD524FC007869C0 /* AddTaskView.swift in Sources */,
				826066262AD5242E007869C0 /* TaskListModel.swift in Sources */,
				826066192AD5242E007869C0 /* UIColor+Extensions.swift in Sources */,
				8260661C2AD5242E007869C0 /* TasksListService.swift in Sources */,
				826066532AD52516007869C0 /* AddTaskViewController.swift in Sources */,
				826066452AD524FC007869C0 /* PageLabel.swift in Sources */,
				826066462AD524FC007869C0 /* IconCell.swift in Sources */,
				826066402AD524FC007869C0 /* HomeView.swift in Sources */,
				8260663E2AD524FC007869C0 /* TaskListView.swift in Sources */,
				8260661D2AD5242E007869C0 /* ServiceHelper.swift in Sources */,
				826066492AD524FC007869C0 /* TaskCheckButton.swift in Sources */,
				826066242AD5242E007869C0 /* TaskModel.swift in Sources */,
				826066592AD5254A007869C0 /* TasksListPresenter.swift in Sources */,
				826066482AD524FC007869C0 /* ToDoListCell.swift in Sources */,
				8260661F2AD5242E007869C0 /* CoreDataManager.swift in Sources */,
				826066572AD52540007869C0 /* AddListPresenter.swift in Sources */,
				8260661E2AD5242E007869C0 /* Constants.swift in Sources */,
			);
			runOnlyForDeploymentPostprocessing = 0;
		};
		826065A62AD4419F007869C0 /* Sources */ = {
			isa = PBXSourcesBuildPhase;
			buildActionMask = 2147483647;
			files = (
				826066642AD53206007869C0 /* MockTaskListService.swift in Sources */,
				826066772AD533EF007869C0 /* AddTaskViewTest.swift in Sources */,
				826066672AD53206007869C0 /* InMemoryCoreDataManager.swift in Sources */,
				826066732AD533EF007869C0 /* HomePresenterTest.swift in Sources */,
				826066652AD53206007869C0 /* MockTaskService.swift in Sources */,
				826066712AD533EF007869C0 /* AddTaskPresenterTest.swift in Sources */,
				826066762AD533EF007869C0 /* HomeViewControllerTest.swift in Sources */,
				8260665E2AD531B8007869C0 /* AddListViewControllerTest.swift in Sources */,
				826066692AD532C9007869C0 /* AddListViewTest.swift in Sources */,
				826066662AD53206007869C0 /* MockNavigationController.swift in Sources */,
				826066742AD533EF007869C0 /* HomeViewTest.swift in Sources */,
			);
			runOnlyForDeploymentPostprocessing = 0;
		};
		826065B02AD4419F007869C0 /* Sources */ = {
			isa = PBXSourcesBuildPhase;
			buildActionMask = 2147483647;
			files = (
				826065BB2AD4419F007869C0 /* MVPUITestsLaunchTests.swift in Sources */,
				826065B92AD4419F007869C0 /* MVPUITests.swift in Sources */,
			);
			runOnlyForDeploymentPostprocessing = 0;
		};
/* End PBXSourcesBuildPhase section */

/* Begin PBXTargetDependency section */
		826065AC2AD4419F007869C0 /* PBXTargetDependency */ = {
			isa = PBXTargetDependency;
			target = 826065932AD4419C007869C0 /* MVP */;
			targetProxy = 826065AB2AD4419F007869C0 /* PBXContainerItemProxy */;
		};
		826065B62AD4419F007869C0 /* PBXTargetDependency */ = {
			isa = PBXTargetDependency;
			target = 826065932AD4419C007869C0 /* MVP */;
			targetProxy = 826065B52AD4419F007869C0 /* PBXContainerItemProxy */;
		};
/* End PBXTargetDependency section */

/* Begin PBXVariantGroup section */
		826065A22AD4419E007869C0 /* LaunchScreen.storyboard */ = {
			isa = PBXVariantGroup;
			children = (
				826065A32AD4419E007869C0 /* Base */,
			);
			name = LaunchScreen.storyboard;
			sourceTree = "<group>";
		};
/* End PBXVariantGroup section */

/* Begin XCBuildConfiguration section */
		826065BC2AD4419F007869C0 /* Debug */ = {
			isa = XCBuildConfiguration;
			buildSettings = {
				ALWAYS_SEARCH_USER_PATHS = NO;
				ASSETCATALOG_COMPILER_GENERATE_SWIFT_ASSET_SYMBOL_EXTENSIONS = YES;
				CLANG_ANALYZER_NONNULL = YES;
				CLANG_ANALYZER_NUMBER_OBJECT_CONVERSION = YES_AGGRESSIVE;
				CLANG_CXX_LANGUAGE_STANDARD = "gnu++20";
				CLANG_ENABLE_MODULES = YES;
				CLANG_ENABLE_OBJC_ARC = YES;
				CLANG_ENABLE_OBJC_WEAK = YES;
				CLANG_WARN_BLOCK_CAPTURE_AUTORELEASING = YES;
				CLANG_WARN_BOOL_CONVERSION = YES;
				CLANG_WARN_COMMA = YES;
				CLANG_WARN_CONSTANT_CONVERSION = YES;
				CLANG_WARN_DEPRECATED_OBJC_IMPLEMENTATIONS = YES;
				CLANG_WARN_DIRECT_OBJC_ISA_USAGE = YES_ERROR;
				CLANG_WARN_DOCUMENTATION_COMMENTS = YES;
				CLANG_WARN_EMPTY_BODY = YES;
				CLANG_WARN_ENUM_CONVERSION = YES;
				CLANG_WARN_INFINITE_RECURSION = YES;
				CLANG_WARN_INT_CONVERSION = YES;
				CLANG_WARN_NON_LITERAL_NULL_CONVERSION = YES;
				CLANG_WARN_OBJC_IMPLICIT_RETAIN_SELF = YES;
				CLANG_WARN_OBJC_LITERAL_CONVERSION = YES;
				CLANG_WARN_OBJC_ROOT_CLASS = YES_ERROR;
				CLANG_WARN_QUOTED_INCLUDE_IN_FRAMEWORK_HEADER = YES;
				CLANG_WARN_RANGE_LOOP_ANALYSIS = YES;
				CLANG_WARN_STRICT_PROTOTYPES = YES;
				CLANG_WARN_SUSPICIOUS_MOVE = YES;
				CLANG_WARN_UNGUARDED_AVAILABILITY = YES_AGGRESSIVE;
				CLANG_WARN_UNREACHABLE_CODE = YES;
				CLANG_WARN__DUPLICATE_METHOD_MATCH = YES;
				COPY_PHASE_STRIP = NO;
				DEBUG_INFORMATION_FORMAT = dwarf;
				ENABLE_STRICT_OBJC_MSGSEND = YES;
				ENABLE_TESTABILITY = YES;
				ENABLE_USER_SCRIPT_SANDBOXING = YES;
				GCC_C_LANGUAGE_STANDARD = gnu17;
				GCC_DYNAMIC_NO_PIC = NO;
				GCC_NO_COMMON_BLOCKS = YES;
				GCC_OPTIMIZATION_LEVEL = 0;
				GCC_PREPROCESSOR_DEFINITIONS = (
					"DEBUG=1",
					"$(inherited)",
				);
				GCC_WARN_64_TO_32_BIT_CONVERSION = YES;
				GCC_WARN_ABOUT_RETURN_TYPE = YES_ERROR;
				GCC_WARN_UNDECLARED_SELECTOR = YES;
				GCC_WARN_UNINITIALIZED_AUTOS = YES_AGGRESSIVE;
				GCC_WARN_UNUSED_FUNCTION = YES;
				GCC_WARN_UNUSED_VARIABLE = YES;
				IPHONEOS_DEPLOYMENT_TARGET = 17.0;
				LOCALIZATION_PREFERS_STRING_CATALOGS = YES;
				MTL_ENABLE_DEBUG_INFO = INCLUDE_SOURCE;
				MTL_FAST_MATH = YES;
				ONLY_ACTIVE_ARCH = YES;
				SDKROOT = iphoneos;
				SWIFT_ACTIVE_COMPILATION_CONDITIONS = "DEBUG $(inherited)";
				SWIFT_OPTIMIZATION_LEVEL = "-Onone";
			};
			name = Debug;
		};
		826065BD2AD4419F007869C0 /* Release */ = {
			isa = XCBuildConfiguration;
			buildSettings = {
				ALWAYS_SEARCH_USER_PATHS = NO;
				ASSETCATALOG_COMPILER_GENERATE_SWIFT_ASSET_SYMBOL_EXTENSIONS = YES;
				CLANG_ANALYZER_NONNULL = YES;
				CLANG_ANALYZER_NUMBER_OBJECT_CONVERSION = YES_AGGRESSIVE;
				CLANG_CXX_LANGUAGE_STANDARD = "gnu++20";
				CLANG_ENABLE_MODULES = YES;
				CLANG_ENABLE_OBJC_ARC = YES;
				CLANG_ENABLE_OBJC_WEAK = YES;
				CLANG_WARN_BLOCK_CAPTURE_AUTORELEASING = YES;
				CLANG_WARN_BOOL_CONVERSION = YES;
				CLANG_WARN_COMMA = YES;
				CLANG_WARN_CONSTANT_CONVERSION = YES;
				CLANG_WARN_DEPRECATED_OBJC_IMPLEMENTATIONS = YES;
				CLANG_WARN_DIRECT_OBJC_ISA_USAGE = YES_ERROR;
				CLANG_WARN_DOCUMENTATION_COMMENTS = YES;
				CLANG_WARN_EMPTY_BODY = YES;
				CLANG_WARN_ENUM_CONVERSION = YES;
				CLANG_WARN_INFINITE_RECURSION = YES;
				CLANG_WARN_INT_CONVERSION = YES;
				CLANG_WARN_NON_LITERAL_NULL_CONVERSION = YES;
				CLANG_WARN_OBJC_IMPLICIT_RETAIN_SELF = YES;
				CLANG_WARN_OBJC_LITERAL_CONVERSION = YES;
				CLANG_WARN_OBJC_ROOT_CLASS = YES_ERROR;
				CLANG_WARN_QUOTED_INCLUDE_IN_FRAMEWORK_HEADER = YES;
				CLANG_WARN_RANGE_LOOP_ANALYSIS = YES;
				CLANG_WARN_STRICT_PROTOTYPES = YES;
				CLANG_WARN_SUSPICIOUS_MOVE = YES;
				CLANG_WARN_UNGUARDED_AVAILABILITY = YES_AGGRESSIVE;
				CLANG_WARN_UNREACHABLE_CODE = YES;
				CLANG_WARN__DUPLICATE_METHOD_MATCH = YES;
				COPY_PHASE_STRIP = NO;
				DEBUG_INFORMATION_FORMAT = "dwarf-with-dsym";
				ENABLE_NS_ASSERTIONS = NO;
				ENABLE_STRICT_OBJC_MSGSEND = YES;
				ENABLE_USER_SCRIPT_SANDBOXING = YES;
				GCC_C_LANGUAGE_STANDARD = gnu17;
				GCC_NO_COMMON_BLOCKS = YES;
				GCC_WARN_64_TO_32_BIT_CONVERSION = YES;
				GCC_WARN_ABOUT_RETURN_TYPE = YES_ERROR;
				GCC_WARN_UNDECLARED_SELECTOR = YES;
				GCC_WARN_UNINITIALIZED_AUTOS = YES_AGGRESSIVE;
				GCC_WARN_UNUSED_FUNCTION = YES;
				GCC_WARN_UNUSED_VARIABLE = YES;
				IPHONEOS_DEPLOYMENT_TARGET = 17.0;
				LOCALIZATION_PREFERS_STRING_CATALOGS = YES;
				MTL_ENABLE_DEBUG_INFO = NO;
				MTL_FAST_MATH = YES;
				SDKROOT = iphoneos;
				SWIFT_COMPILATION_MODE = wholemodule;
				VALIDATE_PRODUCT = YES;
			};
			name = Release;
		};
		826065BF2AD4419F007869C0 /* Debug */ = {
			isa = XCBuildConfiguration;
			buildSettings = {
				ASSETCATALOG_COMPILER_APPICON_NAME = AppIcon;
				ASSETCATALOG_COMPILER_GLOBAL_ACCENT_COLOR_NAME = AccentColor;
				CODE_SIGN_STYLE = Automatic;
				CURRENT_PROJECT_VERSION = 1;
				DEVELOPMENT_TEAM = APP5WTLNUY;
				GENERATE_INFOPLIST_FILE = YES;
				INFOPLIST_FILE = MVP/Info.plist;
				INFOPLIST_KEY_UIApplicationSupportsIndirectInputEvents = YES;
				INFOPLIST_KEY_UILaunchStoryboardName = LaunchScreen;
				INFOPLIST_KEY_UISupportedInterfaceOrientations_iPad = "UIInterfaceOrientationPortrait UIInterfaceOrientationPortraitUpsideDown UIInterfaceOrientationLandscapeLeft UIInterfaceOrientationLandscapeRight";
				INFOPLIST_KEY_UISupportedInterfaceOrientations_iPhone = "UIInterfaceOrientationPortrait UIInterfaceOrientationLandscapeLeft UIInterfaceOrientationLandscapeRight";
				LD_RUNPATH_SEARCH_PATHS = (
					"$(inherited)",
					"@executable_path/Frameworks",
				);
				MARKETING_VERSION = 1.0;
				PRODUCT_BUNDLE_IDENTIFIER = marco.MVP;
				PRODUCT_NAME = "$(TARGET_NAME)";
				SWIFT_EMIT_LOC_STRINGS = YES;
				SWIFT_VERSION = 5.0;
				TARGETED_DEVICE_FAMILY = "1,2";
			};
			name = Debug;
		};
		826065C02AD4419F007869C0 /* Release */ = {
			isa = XCBuildConfiguration;
			buildSettings = {
				ASSETCATALOG_COMPILER_APPICON_NAME = AppIcon;
				ASSETCATALOG_COMPILER_GLOBAL_ACCENT_COLOR_NAME = AccentColor;
				CODE_SIGN_STYLE = Automatic;
				CURRENT_PROJECT_VERSION = 1;
				DEVELOPMENT_TEAM = APP5WTLNUY;
				GENERATE_INFOPLIST_FILE = YES;
				INFOPLIST_FILE = MVP/Info.plist;
				INFOPLIST_KEY_UIApplicationSupportsIndirectInputEvents = YES;
				INFOPLIST_KEY_UILaunchStoryboardName = LaunchScreen;
				INFOPLIST_KEY_UISupportedInterfaceOrientations_iPad = "UIInterfaceOrientationPortrait UIInterfaceOrientationPortraitUpsideDown UIInterfaceOrientationLandscapeLeft UIInterfaceOrientationLandscapeRight";
				INFOPLIST_KEY_UISupportedInterfaceOrientations_iPhone = "UIInterfaceOrientationPortrait UIInterfaceOrientationLandscapeLeft UIInterfaceOrientationLandscapeRight";
				LD_RUNPATH_SEARCH_PATHS = (
					"$(inherited)",
					"@executable_path/Frameworks",
				);
				MARKETING_VERSION = 1.0;
				PRODUCT_BUNDLE_IDENTIFIER = marco.MVP;
				PRODUCT_NAME = "$(TARGET_NAME)";
				SWIFT_EMIT_LOC_STRINGS = YES;
				SWIFT_VERSION = 5.0;
				TARGETED_DEVICE_FAMILY = "1,2";
			};
			name = Release;
		};
		826065C22AD4419F007869C0 /* Debug */ = {
			isa = XCBuildConfiguration;
			buildSettings = {
				ALWAYS_EMBED_SWIFT_STANDARD_LIBRARIES = YES;
				BUNDLE_LOADER = "$(TEST_HOST)";
				CLANG_ENABLE_MODULES = YES;
				CODE_SIGN_STYLE = Automatic;
				CURRENT_PROJECT_VERSION = 1;
				DEVELOPMENT_TEAM = APP5WTLNUY;
				GENERATE_INFOPLIST_FILE = YES;
				IPHONEOS_DEPLOYMENT_TARGET = 17.0;
				MARKETING_VERSION = 1.0;
				PRODUCT_BUNDLE_IDENTIFIER = marco.MVPTests;
				PRODUCT_NAME = "$(TARGET_NAME)";
				SWIFT_EMIT_LOC_STRINGS = NO;
				SWIFT_OBJC_BRIDGING_HEADER = "MVPTests/MVPTests-Bridging-Header.h";
				SWIFT_OPTIMIZATION_LEVEL = "-Onone";
				SWIFT_VERSION = 5.0;
				TARGETED_DEVICE_FAMILY = "1,2";
				TEST_HOST = "$(BUILT_PRODUCTS_DIR)/MVP.app/$(BUNDLE_EXECUTABLE_FOLDER_PATH)/MVP";
			};
			name = Debug;
		};
		826065C32AD4419F007869C0 /* Release */ = {
			isa = XCBuildConfiguration;
			buildSettings = {
				ALWAYS_EMBED_SWIFT_STANDARD_LIBRARIES = YES;
				BUNDLE_LOADER = "$(TEST_HOST)";
				CLANG_ENABLE_MODULES = YES;
				CODE_SIGN_STYLE = Automatic;
				CURRENT_PROJECT_VERSION = 1;
				DEVELOPMENT_TEAM = APP5WTLNUY;
				GENERATE_INFOPLIST_FILE = YES;
				IPHONEOS_DEPLOYMENT_TARGET = 17.0;
				MARKETING_VERSION = 1.0;
				PRODUCT_BUNDLE_IDENTIFIER = marco.MVPTests;
				PRODUCT_NAME = "$(TARGET_NAME)";
				SWIFT_EMIT_LOC_STRINGS = NO;
				SWIFT_OBJC_BRIDGING_HEADER = "MVPTests/MVPTests-Bridging-Header.h";
				SWIFT_VERSION = 5.0;
				TARGETED_DEVICE_FAMILY = "1,2";
				TEST_HOST = "$(BUILT_PRODUCTS_DIR)/MVP.app/$(BUNDLE_EXECUTABLE_FOLDER_PATH)/MVP";
			};
			name = Release;
		};
		826065C52AD4419F007869C0 /* Debug */ = {
			isa = XCBuildConfiguration;
			buildSettings = {
				ALWAYS_EMBED_SWIFT_STANDARD_LIBRARIES = YES;
				CODE_SIGN_STYLE = Automatic;
				CURRENT_PROJECT_VERSION = 1;
				DEVELOPMENT_TEAM = APP5WTLNUY;
				GENERATE_INFOPLIST_FILE = YES;
				MARKETING_VERSION = 1.0;
				PRODUCT_BUNDLE_IDENTIFIER = marco.MVPUITests;
				PRODUCT_NAME = "$(TARGET_NAME)";
				SWIFT_EMIT_LOC_STRINGS = NO;
				SWIFT_VERSION = 5.0;
				TARGETED_DEVICE_FAMILY = "1,2";
				TEST_TARGET_NAME = MVP;
			};
			name = Debug;
		};
		826065C62AD4419F007869C0 /* Release */ = {
			isa = XCBuildConfiguration;
			buildSettings = {
				ALWAYS_EMBED_SWIFT_STANDARD_LIBRARIES = YES;
				CODE_SIGN_STYLE = Automatic;
				CURRENT_PROJECT_VERSION = 1;
				DEVELOPMENT_TEAM = APP5WTLNUY;
				GENERATE_INFOPLIST_FILE = YES;
				MARKETING_VERSION = 1.0;
				PRODUCT_BUNDLE_IDENTIFIER = marco.MVPUITests;
				PRODUCT_NAME = "$(TARGET_NAME)";
				SWIFT_EMIT_LOC_STRINGS = NO;
				SWIFT_VERSION = 5.0;
				TARGETED_DEVICE_FAMILY = "1,2";
				TEST_TARGET_NAME = MVP;
			};
			name = Release;
		};
/* End XCBuildConfiguration section */

/* Begin XCConfigurationList section */
		8260658F2AD4419C007869C0 /* Build configuration list for PBXProject "MVP" */ = {
			isa = XCConfigurationList;
			buildConfigurations = (
				826065BC2AD4419F007869C0 /* Debug */,
				826065BD2AD4419F007869C0 /* Release */,
			);
			defaultConfigurationIsVisible = 0;
			defaultConfigurationName = Release;
		};
		826065BE2AD4419F007869C0 /* Build configuration list for PBXNativeTarget "MVP" */ = {
			isa = XCConfigurationList;
			buildConfigurations = (
				826065BF2AD4419F007869C0 /* Debug */,
				826065C02AD4419F007869C0 /* Release */,
			);
			defaultConfigurationIsVisible = 0;
			defaultConfigurationName = Release;
		};
		826065C12AD4419F007869C0 /* Build configuration list for PBXNativeTarget "MVPTests" */ = {
			isa = XCConfigurationList;
			buildConfigurations = (
				826065C22AD4419F007869C0 /* Debug */,
				826065C32AD4419F007869C0 /* Release */,
			);
			defaultConfigurationIsVisible = 0;
			defaultConfigurationName = Release;
		};
		826065C42AD4419F007869C0 /* Build configuration list for PBXNativeTarget "MVPUITests" */ = {
			isa = XCConfigurationList;
			buildConfigurations = (
				826065C52AD4419F007869C0 /* Debug */,
				826065C62AD4419F007869C0 /* Release */,
			);
			defaultConfigurationIsVisible = 0;
			defaultConfigurationName = Release;
		};
/* End XCConfigurationList section */

/* Begin XCVersionGroup section */
		826066272AD52441007869C0 /* ToDoList.xcdatamodeld */ = {
			isa = XCVersionGroup;
			children = (
				826066282AD52441007869C0 /* ToDoList.xcdatamodel */,
			);
			currentVersion = 826066282AD52441007869C0 /* ToDoList.xcdatamodel */;
			name = ToDoList.xcdatamodeld;
			path = ../../MVC/MVC/ToDoList.xcdatamodeld;
			sourceTree = "<group>";
			versionGroupType = wrapper.xcdatamodel;
		};
/* End XCVersionGroup section */
	};
	rootObject = 8260658C2AD4419C007869C0 /* Project object */;
}
